
Microsoft Visual Studio Solution File, Format Version 12.00
# Visual Studio Version 16
VisualStudioVersion = 16.0.28315.86
MinimumVisualStudioVersion = 10.0.40219.1
Project("{FAE04EC0-301F-11D3-BF4B-00C04F79EFBC}") = "Maze.Core", "Maze.Core\Maze.Core.csproj", "{8F14DF74-4E9F-4BF3-9345-F1D532209ACE}"
EndProject
Project("{FAE04EC0-301F-11D3-BF4B-00C04F79EFBC}") = "Maze.View", "Maze.View\Maze.View.csproj", "{BD48E070-1C3C-4775-8071-47CF2A70D78E}"
EndProject
Project("{FAE04EC0-301F-11D3-BF4B-00C04F79EFBC}") = "Maze.RobotPrograms", "RobotPrograms\Maze.RobotPrograms.csproj", "{C1E9079B-B93A-40BF-B0BE-0706FA0FA634}"
EndProject
Global
	GlobalSection(SolutionConfigurationPlatforms) = preSolution
		Debug|Any CPU = Debug|Any CPU
		Release|Any CPU = Release|Any CPU
	EndGlobalSection
	GlobalSection(ProjectConfigurationPlatforms) = postSolution
		{8F14DF74-4E9F-4BF3-9345-F1D532209ACE}.Debug|Any CPU.ActiveCfg = Debug|Any CPU
		{8F14DF74-4E9F-4BF3-9345-F1D532209ACE}.Debug|Any CPU.Build.0 = Debug|Any CPU
		{8F14DF74-4E9F-4BF3-9345-F1D532209ACE}.Release|Any CPU.ActiveCfg = Release|Any CPU
		{8F14DF74-4E9F-4BF3-9345-F1D532209ACE}.Release|Any CPU.Build.0 = Release|Any CPU
		{BD48E070-1C3C-4775-8071-47CF2A70D78E}.Debug|Any CPU.ActiveCfg = Debug|Any CPU
		{BD48E070-1C3C-4775-8071-47CF2A70D78E}.Debug|Any CPU.Build.0 = Debug|Any CPU
		{BD48E070-1C3C-4775-8071-47CF2A70D78E}.Release|Any CPU.ActiveCfg = Release|Any CPU
		{BD48E070-1C3C-4775-8071-47CF2A70D78E}.Release|Any CPU.Build.0 = Release|Any CPU
		{C1E9079B-B93A-40BF-B0BE-0706FA0FA634}.Debug|Any CPU.ActiveCfg = Debug|Any CPU
		{C1E9079B-B93A-40BF-B0BE-0706FA0FA634}.Debug|Any CPU.Build.0 = Debug|Any CPU
		{C1E9079B-B93A-40BF-B0BE-0706FA0FA634}.Release|Any CPU.ActiveCfg = Release|Any CPU
		{C1E9079B-B93A-40BF-B0BE-0706FA0FA634}.Release|Any CPU.Build.0 = Release|Any CPU
	EndGlobalSection
	GlobalSection(SolutionProperties) = preSolution
		HideSolutionNode = FALSE
	EndGlobalSection
	GlobalSection(ExtensibilityGlobals) = postSolution
		SolutionGuid = {6117EF18-99AB-42FC-87E8-9F73E819BAE9}
	EndGlobalSection
EndGlobal
